// !$*UTF8*$!
{
	archiveVersion = 1;
	classes = {
	};
	objectVersion = 46;
	objects = {

/* Begin PBXBuildFile section */
		2B3FB6751C916C6E00BE648C /* main.m in Sources */ = {isa = PBXBuildFile; fileRef = 2B3FB6741C916C6E00BE648C /* main.m */; };
		2B3FB6781C916C6E00BE648C /* AppDelegate.m in Sources */ = {isa = PBXBuildFile; fileRef = 2B3FB6771C916C6E00BE648C /* AppDelegate.m */; };
		2B3FB67B1C916C6E00BE648C /* ViewController.m in Sources */ = {isa = PBXBuildFile; fileRef = 2B3FB67A1C916C6E00BE648C /* ViewController.m */; };
		2B3FB67E1C916C6E00BE648C /* Main.storyboard in Resources */ = {isa = PBXBuildFile; fileRef = 2B3FB67C1C916C6E00BE648C /* Main.storyboard */; };
		2B3FB6811C916C6E00BE648C /* cdongweibo.xcdatamodeld in Sources */ = {isa = PBXBuildFile; fileRef = 2B3FB67F1C916C6E00BE648C /* cdongweibo.xcdatamodeld */; };
		2B3FB6831C916C6E00BE648C /* Assets.xcassets in Resources */ = {isa = PBXBuildFile; fileRef = 2B3FB6821C916C6E00BE648C /* Assets.xcassets */; };
		2B3FB6861C916C6E00BE648C /* LaunchScreen.storyboard in Resources */ = {isa = PBXBuildFile; fileRef = 2B3FB6841C916C6E00BE648C /* LaunchScreen.storyboard */; };
		2B3FB6911C916C6E00BE648C /* cdongweiboTests.m in Sources */ = {isa = PBXBuildFile; fileRef = 2B3FB6901C916C6E00BE648C /* cdongweiboTests.m */; };
		2B3FB69C1C916C6E00BE648C /* cdongweiboUITests.m in Sources */ = {isa = PBXBuildFile; fileRef = 2B3FB69B1C916C6E00BE648C /* cdongweiboUITests.m */; };
/* End PBXBuildFile section */

/* Begin PBXContainerItemProxy section */
		2B3FB68D1C916C6E00BE648C /* PBXContainerItemProxy */ = {
			isa = PBXContainerItemProxy;
			containerPortal = 2B3FB6681C916C6E00BE648C /* Project object */;
			proxyType = 1;
			remoteGlobalIDString = 2B3FB66F1C916C6E00BE648C;
			remoteInfo = cdongweibo;
		};
		2B3FB6981C916C6E00BE648C /* PBXContainerItemProxy */ = {
			isa = PBXContainerItemProxy;
			containerPortal = 2B3FB6681C916C6E00BE648C /* Project object */;
			proxyType = 1;
			remoteGlobalIDString = 2B3FB66F1C916C6E00BE648C;
			remoteInfo = cdongweibo;
		};
/* End PBXContainerItemProxy section */

/* Begin PBXFileReference section */
		2B3FB6701C916C6E00BE648C /* cdongweibo.app */ = {isa = PBXFileReference; explicitFileType = wrapper.application; includeInIndex = 0; path = cdongweibo.app; sourceTree = BUILT_PRODUCTS_DIR; };
		2B3FB6741C916C6E00BE648C /* main.m */ = {isa = PBXFileReference; lastKnownFileType = sourcecode.c.objc; path = main.m; sourceTree = "<group>"; };
		2B3FB6761C916C6E00BE648C /* AppDelegate.h */ = {isa = PBXFileReference; lastKnownFileType = sourcecode.c.h; path = AppDelegate.h; sourceTree = "<group>"; };
		2B3FB6771C916C6E00BE648C /* AppDelegate.m */ = {isa = PBXFileReference; lastKnownFileType = sourcecode.c.objc; path = AppDelegate.m; sourceTree = "<group>"; };
		2B3FB6791C916C6E00BE648C /* ViewController.h */ = {isa = PBXFileReference; lastKnownFileType = sourcecode.c.h; path = ViewController.h; sourceTree = "<group>"; };
		2B3FB67A1C916C6E00BE648C /* ViewController.m */ = {isa = PBXFileReference; lastKnownFileType = sourcecode.c.objc; path = ViewController.m; sourceTree = "<group>"; };
		2B3FB67D1C916C6E00BE648C /* Base */ = {isa = PBXFileReference; lastKnownFileType = file.storyboard; name = Base; path = Base.lproj/Main.storyboard; sourceTree = "<group>"; };
		2B3FB6801C916C6E00BE648C /* cdongweibo.xcdatamodel */ = {isa = PBXFileReference; lastKnownFileType = wrapper.xcdatamodel; path = cdongweibo.xcdatamodel; sourceTree = "<group>"; };
		2B3FB6821C916C6E00BE648C /* Assets.xcassets */ = {isa = PBXFileReference; lastKnownFileType = folder.assetcatalog; path = Assets.xcassets; sourceTree = "<group>"; };
		2B3FB6851C916C6E00BE648C /* Base */ = {isa = PBXFileReference; lastKnownFileType = file.storyboard; name = Base; path = Base.lproj/LaunchScreen.storyboard; sourceTree = "<group>"; };
		2B3FB6871C916C6E00BE648C /* Info.plist */ = {isa = PBXFileReference; lastKnownFileType = text.plist.xml; path = Info.plist; sourceTree = "<group>"; };
		2B3FB68C1C916C6E00BE648C /* cdongweiboTests.xctest */ = {isa = PBXFileReference; explicitFileType = wrapper.cfbundle; includeInIndex = 0; path = cdongweiboTests.xctest; sourceTree = BUILT_PRODUCTS_DIR; };
		2B3FB6901C916C6E00BE648C /* cdongweiboTests.m */ = {isa = PBXFileReference; lastKnownFileType = sourcecode.c.objc; path = cdongweiboTests.m; sourceTree = "<group>"; };
		2B3FB6921C916C6E00BE648C /* Info.plist */ = {isa = PBXFileReference; lastKnownFileType = text.plist.xml; path = Info.plist; sourceTree = "<group>"; };
		2B3FB6971C916C6E00BE648C /* cdongweiboUITests.xctest */ = {isa = PBXFileReference; explicitFileType = wrapper.cfbundle; includeInIndex = 0; path = cdongweiboUITests.xctest; sourceTree = BUILT_PRODUCTS_DIR; };
		2B3FB69B1C916C6E00BE648C /* cdongweiboUITests.m */ = {isa = PBXFileReference; lastKnownFileType = sourcecode.c.objc; path = cdongweiboUITests.m; sourceTree = "<group>"; };
		2B3FB69D1C916C6E00BE648C /* Info.plist */ = {isa = PBXFileReference; lastKnownFileType = text.plist.xml; path = Info.plist; sourceTree = "<group>"; };
/* End PBXFileReference section */

/* Begin PBXFrameworksBuildPhase section */
		2B3FB66D1C916C6E00BE648C /* Frameworks */ = {
			isa = PBXFrameworksBuildPhase;
			buildActionMask = 2147483647;
			files = (
			);
			runOnlyForDeploymentPostprocessing = 0;
		};
		2B3FB6891C916C6E00BE648C /* Frameworks */ = {
			isa = PBXFrameworksBuildPhase;
			buildActionMask = 2147483647;
			files = (
			);
			runOnlyForDeploymentPostprocessing = 0;
		};
		2B3FB6941C916C6E00BE648C /* Frameworks */ = {
			isa = PBXFrameworksBuildPhase;
			buildActionMask = 2147483647;
			files = (
			);
			runOnlyForDeploymentPostprocessing = 0;
		};
/* End PBXFrameworksBuildPhase section */

/* Begin PBXGroup section */
		2B3FB6671C916C6E00BE648C = {
			isa = PBXGroup;
			children = (
				2B3FB6721C916C6E00BE648C /* cdongweibo */,
				2B3FB68F1C916C6E00BE648C /* cdongweiboTests */,
				2B3FB69A1C916C6E00BE648C /* cdongweiboUITests */,
				2B3FB6711C916C6E00BE648C /* Products */,
			);
			sourceTree = "<group>";
		};
		2B3FB6711C916C6E00BE648C /* Products */ = {
			isa = PBXGroup;
			children = (
				2B3FB6701C916C6E00BE648C /* cdongweibo.app */,
				2B3FB68C1C916C6E00BE648C /* cdongweiboTests.xctest */,
				2B3FB6971C916C6E00BE648C /* cdongweiboUITests.xctest */,
			);
			name = Products;
			sourceTree = "<group>";
		};
		2B3FB6721C916C6E00BE648C /* cdongweibo */ = {
			isa = PBXGroup;
			children = (
				2B3FB6761C916C6E00BE648C /* AppDelegate.h */,
				2B3FB6771C916C6E00BE648C /* AppDelegate.m */,
				2B3FB6791C916C6E00BE648C /* ViewController.h */,
				2B3FB67A1C916C6E00BE648C /* ViewController.m */,
				2B3FB67C1C916C6E00BE648C /* Main.storyboard */,
				2B3FB6821C916C6E00BE648C /* Assets.xcassets */,
				2B3FB6841C916C6E00BE648C /* LaunchScreen.storyboard */,
				2B3FB6871C916C6E00BE648C /* Info.plist */,
				2B3FB67F1C916C6E00BE648C /* cdongweibo.xcdatamodeld */,
				2B3FB6731C916C6E00BE648C /* Supporting Files */,
			);
			path = cdongweibo;
			sourceTree = "<group>";
		};
		2B3FB6731C916C6E00BE648C /* Supporting Files */ = {
			isa = PBXGroup;
			children = (
				2B3FB6741C916C6E00BE648C /* main.m */,
			);
			name = "Supporting Files";
			sourceTree = "<group>";
		};
		2B3FB68F1C916C6E00BE648C /* cdongweiboTests */ = {
			isa = PBXGroup;
			children = (
				2B3FB6901C916C6E00BE648C /* cdongweiboTests.m */,
				2B3FB6921C916C6E00BE648C /* Info.plist */,
			);
			path = cdongweiboTests;
			sourceTree = "<group>";
		};
		2B3FB69A1C916C6E00BE648C /* cdongweiboUITests */ = {
			isa = PBXGroup;
			children = (
				2B3FB69B1C916C6E00BE648C /* cdongweiboUITests.m */,
				2B3FB69D1C916C6E00BE648C /* Info.plist */,
			);
			path = cdongweiboUITests;
			sourceTree = "<group>";
		};
/* End PBXGroup section */

/* Begin PBXNativeTarget section */
		2B3FB66F1C916C6E00BE648C /* cdongweibo */ = {
			isa = PBXNativeTarget;
			buildConfigurationList = 2B3FB6A01C916C6E00BE648C /* Build configuration list for PBXNativeTarget "cdongweibo" */;
			buildPhases = (
				2B3FB66C1C916C6E00BE648C /* Sources */,
				2B3FB66D1C916C6E00BE648C /* Frameworks */,
				2B3FB66E1C916C6E00BE648C /* Resources */,
			);
			buildRules = (
			);
			dependencies = (
			);
			name = cdongweibo;
			productName = cdongweibo;
			productReference = 2B3FB6701C916C6E00BE648C /* cdongweibo.app */;
			productType = "com.apple.product-type.application";
		};
		2B3FB68B1C916C6E00BE648C /* cdongweiboTests */ = {
			isa = PBXNativeTarget;
			buildConfigurationList = 2B3FB6A31C916C6E00BE648C /* Build configuration list for PBXNativeTarget "cdongweiboTests" */;
			buildPhases = (
				2B3FB6881C916C6E00BE648C /* Sources */,
				2B3FB6891C916C6E00BE648C /* Frameworks */,
				2B3FB68A1C916C6E00BE648C /* Resources */,
			);
			buildRules = (
			);
			dependencies = (
				2B3FB68E1C916C6E00BE648C /* PBXTargetDependency */,
			);
			name = cdongweiboTests;
			productName = cdongweiboTests;
			productReference = 2B3FB68C1C916C6E00BE648C /* cdongweiboTests.xctest */;
			productType = "com.apple.product-type.bundle.unit-test";
		};
		2B3FB6961C916C6E00BE648C /* cdongweiboUITests */ = {
			isa = PBXNativeTarget;
			buildConfigurationList = 2B3FB6A61C916C6E00BE648C /* Build configuration list for PBXNativeTarget "cdongweiboUITests" */;
			buildPhases = (
				2B3FB6931C916C6E00BE648C /* Sources */,
				2B3FB6941C916C6E00BE648C /* Frameworks */,
				2B3FB6951C916C6E00BE648C /* Resources */,
			);
			buildRules = (
			);
			dependencies = (
				2B3FB6991C916C6E00BE648C /* PBXTargetDependency */,
			);
			name = cdongweiboUITests;
			productName = cdongweiboUITests;
			productReference = 2B3FB6971C916C6E00BE648C /* cdongweiboUITests.xctest */;
			productType = "com.apple.product-type.bundle.ui-testing";
		};
/* End PBXNativeTarget section */

/* Begin PBXProject section */
		2B3FB6681C916C6E00BE648C /* Project object */ = {
			isa = PBXProject;
			attributes = {
				LastUpgradeCheck = 0720;
				ORGANIZATIONNAME = man;
				TargetAttributes = {
					2B3FB66F1C916C6E00BE648C = {
						CreatedOnToolsVersion = 7.2.1;
					};
					2B3FB68B1C916C6E00BE648C = {
						CreatedOnToolsVersion = 7.2.1;
						TestTargetID = 2B3FB66F1C916C6E00BE648C;
					};
					2B3FB6961C916C6E00BE648C = {
						CreatedOnToolsVersion = 7.2.1;
						TestTargetID = 2B3FB66F1C916C6E00BE648C;
					};
				};
			};
			buildConfigurationList = 2B3FB66B1C916C6E00BE648C /* Build configuration list for PBXProject "cdongweibo" */;
			compatibilityVersion = "Xcode 3.2";
			developmentRegion = English;
			hasScannedForEncodings = 0;
			knownRegions = (
				en,
				Base,
			);
			mainGroup = 2B3FB6671C916C6E00BE648C;
			productRefGroup = 2B3FB6711C916C6E00BE648C /* Products */;
			projectDirPath = "";
			projectRoot = "";
			targets = (
				2B3FB66F1C916C6E00BE648C /* cdongweibo */,
				2B3FB68B1C916C6E00BE648C /* cdongweiboTests */,
				2B3FB6961C916C6E00BE648C /* cdongweiboUITests */,
			);
		};
/* End PBXProject section */

/* Begin PBXResourcesBuildPhase section */
		2B3FB66E1C916C6E00BE648C /* Resources */ = {
			isa = PBXResourcesBuildPhase;
			buildActionMask = 2147483647;
			files = (
				2B3FB6861C916C6E00BE648C /* LaunchScreen.storyboard in Resources */,
				2B3FB6831C916C6E00BE648C /* Assets.xcassets in Resources */,
				2B3FB67E1C916C6E00BE648C /* Main.storyboard in Resources */,
			);
			runOnlyForDeploymentPostprocessing = 0;
		};
		2B3FB68A1C916C6E00BE648C /* Resources */ = {
			isa = PBXResourcesBuildPhase;
			buildActionMask = 2147483647;
			files = (
			);
			runOnlyForDeploymentPostprocessing = 0;
		};
		2B3FB6951C916C6E00BE648C /* Resources */ = {
			isa = PBXResourcesBuildPhase;
			buildActionMask = 2147483647;
			files = (
			);
			runOnlyForDeploymentPostprocessing = 0;
		};
/* End PBXResourcesBuildPhase section */

/* Begin PBXSourcesBuildPhase section */
		2B3FB66C1C916C6E00BE648C /* Sources */ = {
			isa = PBXSourcesBuildPhase;
			buildActionMask = 2147483647;
			files = (
				2B3FB6811C916C6E00BE648C /* cdongweibo.xcdatamodeld in Sources */,
				2B3FB67B1C916C6E00BE648C /* ViewController.m in Sources */,
				2B3FB6781C916C6E00BE648C /* AppDelegate.m in Sources */,
				2B3FB6751C916C6E00BE648C /* main.m in Sources */,
			);
			runOnlyForDeploymentPostprocessing = 0;
		};
		2B3FB6881C916C6E00BE648C /* Sources */ = {
			isa = PBXSourcesBuildPhase;
			buildActionMask = 2147483647;
			files = (
				2B3FB6911C916C6E00BE648C /* cdongweiboTests.m in Sources */,
			);
			runOnlyForDeploymentPostprocessing = 0;
		};
		2B3FB6931C916C6E00BE648C /* Sources */ = {
			isa = PBXSourcesBuildPhase;
			buildActionMask = 2147483647;
			files = (
				2B3FB69C1C916C6E00BE648C /* cdongweiboUITests.m in Sources */,
			);
			runOnlyForDeploymentPostprocessing = 0;
		};
/* End PBXSourcesBuildPhase section */

/* Begin PBXTargetDependency section */
		2B3FB68E1C916C6E00BE648C /* PBXTargetDependency */ = {
			isa = PBXTargetDependency;
			target = 2B3FB66F1C916C6E00BE648C /* cdongweibo */;
			targetProxy = 2B3FB68D1C916C6E00BE648C /* PBXContainerItemProxy */;
		};
		2B3FB6991C916C6E00BE648C /* PBXTargetDependency */ = {
			isa = PBXTargetDependency;
			target = 2B3FB66F1C916C6E00BE648C /* cdongweibo */;
			targetProxy = 2B3FB6981C916C6E00BE648C /* PBXContainerItemProxy */;
		};
/* End PBXTargetDependency section */

/* Begin PBXVariantGroup section */
		2B3FB67C1C916C6E00BE648C /* Main.storyboard */ = {
			isa = PBXVariantGroup;
			children = (
				2B3FB67D1C916C6E00BE648C /* Base */,
			);
			name = Main.storyboard;
			sourceTree = "<group>";
		};
		2B3FB6841C916C6E00BE648C /* LaunchScreen.storyboard */ = {
			isa = PBXVariantGroup;
			children = (
				2B3FB6851C916C6E00BE648C /* Base */,
			);
			name = LaunchScreen.storyboard;
			sourceTree = "<group>";
		};
/* End PBXVariantGroup section */

/* Begin XCBuildConfiguration section */
		2B3FB69E1C916C6E00BE648C /* Debug */ = {
			isa = XCBuildConfiguration;
			buildSettings = {
				ALWAYS_SEARCH_USER_PATHS = NO;
				CLANG_CXX_LANGUAGE_STANDARD = "gnu++0x";
				CLANG_CXX_LIBRARY = "libc++";
				CLANG_ENABLE_MODULES = YES;
				CLANG_ENABLE_OBJC_ARC = YES;
				CLANG_WARN_BOOL_CONVERSION = YES;
				CLANG_WARN_CONSTANT_CONVERSION = YES;
				CLANG_WARN_DIRECT_OBJC_ISA_USAGE = YES_ERROR;
				CLANG_WARN_EMPTY_BODY = YES;
				CLANG_WARN_ENUM_CONVERSION = YES;
				CLANG_WARN_INT_CONVERSION = YES;
				CLANG_WARN_OBJC_ROOT_CLASS = YES_ERROR;
				CLANG_WARN_UNREACHABLE_CODE = YES;
				CLANG_WARN__DUPLICATE_METHOD_MATCH = YES;
				"CODE_SIGN_IDENTITY[sdk=iphoneos*]" = "iPhone Developer";
				COPY_PHASE_STRIP = NO;
				DEBUG_INFORMATION_FORMAT = dwarf;
				ENABLE_STRICT_OBJC_MSGSEND = YES;
				ENABLE_TESTABILITY = YES;
				GCC_C_LANGUAGE_STANDARD = gnu99;
				GCC_DYNAMIC_NO_PIC = NO;
				GCC_NO_COMMON_BLOCKS = YES;
				GCC_OPTIMIZATION_LEVEL = 0;
				GCC_PREPROCESSOR_DEFINITIONS = (
					"DEBUG=1",
					"$(inherited)",
				);
				GCC_WARN_64_TO_32_BIT_CONVERSION = YES;
				GCC_WARN_ABOUT_RETURN_TYPE = YES_ERROR;
				GCC_WARN_UNDECLARED_SELECTOR = YES;
				GCC_WARN_UNINITIALIZED_AUTOS = YES_AGGRESSIVE;
				GCC_WARN_UNUSED_FUNCTION = YES;
				GCC_WARN_UNUSED_VARIABLE = YES;
				IPHONEOS_DEPLOYMENT_TARGET = 9.2;
				MTL_ENABLE_DEBUG_INFO = YES;
				ONLY_ACTIVE_ARCH = YES;
				SDKROOT = iphoneos;
				TARGETED_DEVICE_FAMILY = "1,2";
			};
			name = Debug;
		};
		2B3FB69F1C916C6E00BE648C /* Release */ = {
			isa = XCBuildConfiguration;
			buildSettings = {
				ALWAYS_SEARCH_USER_PATHS = NO;
				CLANG_CXX_LANGUAGE_STANDARD = "gnu++0x";
				CLANG_CXX_LIBRARY = "libc++";
				CLANG_ENABLE_MODULES = YES;
				CLANG_ENABLE_OBJC_ARC = YES;
				CLANG_WARN_BOOL_CONVERSION = YES;
				CLANG_WARN_CONSTANT_CONVERSION = YES;
				CLANG_WARN_DIRECT_OBJC_ISA_USAGE = YES_ERROR;
				CLANG_WARN_EMPTY_BODY = YES;
				CLANG_WARN_ENUM_CONVERSION = YES;
				CLANG_WARN_INT_CONVERSION = YES;
				CLANG_WARN_OBJC_ROOT_CLASS = YES_ERROR;
				CLANG_WARN_UNREACHABLE_CODE = YES;
				CLANG_WARN__DUPLICATE_METHOD_MATCH = YES;
				"CODE_SIGN_IDENTITY[sdk=iphoneos*]" = "iPhone Developer";
				COPY_PHASE_STRIP = NO;
				DEBUG_INFORMATION_FORMAT = "dwarf-with-dsym";
				ENABLE_NS_ASSERTIONS = NO;
				ENABLE_STRICT_OBJC_MSGSEND = YES;
				GCC_C_LANGUAGE_STANDARD = gnu99;
				GCC_NO_COMMON_BLOCKS = YES;
				GCC_WARN_64_TO_32_BIT_CONVERSION = YES;
				GCC_WARN_ABOUT_RETURN_TYPE = YES_ERROR;
				GCC_WARN_UNDECLARED_SELECTOR = YES;
				GCC_WARN_UNINITIALIZED_AUTOS = YES_AGGRESSIVE;
				GCC_WARN_UNUSED_FUNCTION = YES;
				GCC_WARN_UNUSED_VARIABLE = YES;
				IPHONEOS_DEPLOYMENT_TARGET = 9.2;
				MTL_ENABLE_DEBUG_INFO = NO;
				SDKROOT = iphoneos;
				TARGETED_DEVICE_FAMILY = "1,2";
				VALIDATE_PRODUCT = YES;
			};
			name = Release;
		};
		2B3FB6A11C916C6E00BE648C /* Debug */ = {
			isa = XCBuildConfiguration;
			buildSettings = {
				ASSETCATALOG_COMPILER_APPICON_NAME = AppIcon;
				INFOPLIST_FILE = cdongweibo/Info.plist;
				LD_RUNPATH_SEARCH_PATHS = "$(inherited) @executable_path/Frameworks";
				PRODUCT_BUNDLE_IDENTIFIER = com.cdmq.cdongweibo;
				PRODUCT_NAME = "$(TARGET_NAME)";
			};
			name = Debug;
		};
		2B3FB6A21C916C6E00BE648C /* Release */ = {
			isa = XCBuildConfiguration;
			buildSettings = {
				ASSETCATALOG_COMPILER_APPICON_NAME = AppIcon;
				INFOPLIST_FILE = cdongweibo/Info.plist;
				LD_RUNPATH_SEARCH_PATHS = "$(inherited) @executable_path/Frameworks";
				PRODUCT_BUNDLE_IDENTIFIER = com.cdmq.cdongweibo;
				PRODUCT_NAME = "$(TARGET_NAME)";
			};
			name = Release;
		};
		2B3FB6A41C916C6E00BE648C /* Debug */ = {
			isa = XCBuildConfiguration;
			buildSettings = {
				BUNDLE_LOADER = "$(TEST_HOST)";
				INFOPLIST_FILE = cdongweiboTests/Info.plist;
				LD_RUNPATH_SEARCH_PATHS = "$(inherited) @executable_path/Frameworks @loader_path/Frameworks";
				PRODUCT_BUNDLE_IDENTIFIER = com.cdmq.cdongweiboTests;
				PRODUCT_NAME = "$(TARGET_NAME)";
				TEST_HOST = "$(BUILT_PRODUCTS_DIR)/cdongweibo.app/cdongweibo";
			};
			name = Debug;
		};
		2B3FB6A51C916C6E00BE648C /* Release */ = {
			isa = XCBuildConfiguration;
			buildSettings = {
				BUNDLE_LOADER = "$(TEST_HOST)";
				INFOPLIST_FILE = cdongweiboTests/Info.plist;
				LD_RUNPATH_SEARCH_PATHS = "$(inherited) @executable_path/Frameworks @loader_path/Frameworks";
				PRODUCT_BUNDLE_IDENTIFIER = com.cdmq.cdongweiboTests;
				PRODUCT_NAME = "$(TARGET_NAME)";
				TEST_HOST = "$(BUILT_PRODUCTS_DIR)/cdongweibo.app/cdongweibo";
			};
			name = Release;
		};
		2B3FB6A71C916C6E00BE648C /* Debug */ = {
			isa = XCBuildConfiguration;
			buildSettings = {
				INFOPLIST_FILE = cdongweiboUITests/Info.plist;
				LD_RUNPATH_SEARCH_PATHS = "$(inherited) @executable_path/Frameworks @loader_path/Frameworks";
				PRODUCT_BUNDLE_IDENTIFIER = com.cdmq.cdongweiboUITests;
				PRODUCT_NAME = "$(TARGET_NAME)";
				TEST_TARGET_NAME = cdongweibo;
				USES_XCTRUNNER = YES;
			};
			name = Debug;
		};
		2B3FB6A81C916C6E00BE648C /* Release */ = {
			isa = XCBuildConfiguration;
			buildSettings = {
				INFOPLIST_FILE = cdongweiboUITests/Info.plist;
				LD_RUNPATH_SEARCH_PATHS = "$(inherited) @executable_path/Frameworks @loader_path/Frameworks";
				PRODUCT_BUNDLE_IDENTIFIER = com.cdmq.cdongweiboUITests;
				PRODUCT_NAME = "$(TARGET_NAME)";
				TEST_TARGET_NAME = cdongweibo;
				USES_XCTRUNNER = YES;
			};
			name = Release;
		};
/* End XCBuildConfiguration section */

/* Begin XCConfigurationList section */
		2B3FB66B1C916C6E00BE648C /* Build configuration list for PBXProject "cdongweibo" */ = {
			isa = XCConfigurationList;
			buildConfigurations = (
				2B3FB69E1C916C6E00BE648C /* Debug */,
				2B3FB69F1C916C6E00BE648C /* Release */,
			);
			defaultConfigurationIsVisible = 0;
			defaultConfigurationName = Release;
		};
		2B3FB6A01C916C6E00BE648C /* Build configuration list for PBXNativeTarget "cdongweibo" */ = {
			isa = XCConfigurationList;
			buildConfigurations = (
				2B3FB6A11C916C6E00BE648C /* Debug */,
				2B3FB6A21C916C6E00BE648C /* Release */,
			);
			defaultConfigurationIsVisible = 0;
		};
		2B3FB6A31C916C6E00BE648C /* Build configuration list for PBXNativeTarget "cdongweiboTests" */ = {
			isa = XCConfigurationList;
			buildConfigurations = (
				2B3FB6A41C916C6E00BE648C /* Debug */,
				2B3FB6A51C916C6E00BE648C /* Release */,
			);
			defaultConfigurationIsVisible = 0;
		};
		2B3FB6A61C916C6E00BE648C /* Build configuration list for PBXNativeTarget "cdongweiboUITests" */ = {
			isa = XCConfigurationList;
			buildConfigurations = (
				2B3FB6A71C916C6E00BE648C /* Debug */,
				2B3FB6A81C916C6E00BE648C /* Release */,
			);
			defaultConfigurationIsVisible = 0;
		};
/* End XCConfigurationList section */

/* Begin XCVersionGroup section */
		2B3FB67F1C916C6E00BE648C /* cdongweibo.xcdatamodeld */ = {
			isa = XCVersionGroup;
			children = (
				2B3FB6801C916C6E00BE648C /* cdongweibo.xcdatamodel */,
			);
			currentVersion = 2B3FB6801C916C6E00BE648C /* cdongweibo.xcdatamodel */;
			path = cdongweibo.xcdatamodeld;
			sourceTree = "<group>";
			versionGroupType = wrapper.xcdatamodel;
		};
/* End XCVersionGroup section */
	};
	rootObject = 2B3FB6681C916C6E00BE648C /* Project object */;
}
