// !$*UTF8*$!
{
	archiveVersion = 1;
	classes = {
	};
	objectVersion = 46;
	objects = {

/* Begin PBXBuildFile section */
		2B3FB6811C916C6E00BE648C /* cdongweibo.xcdatamodeld in Sources */ = {isa = PBXBuildFile; fileRef = 2B3FB67F1C916C6E00BE648C /* cdongweibo.xcdatamodeld */; };
		2B3FB6831C916C6E00BE648C /* Assets.xcassets in Resources */ = {isa = PBXBuildFile; fileRef = 2B3FB6821C916C6E00BE648C /* Assets.xcassets */; };
		2B3FB6861C916C6E00BE648C /* LaunchScreen.storyboard in Resources */ = {isa = PBXBuildFile; fileRef = 2B3FB6841C916C6E00BE648C /* LaunchScreen.storyboard */; };
		2B3FB6911C916C6E00BE648C /* cdongweiboTests.m in Sources */ = {isa = PBXBuildFile; fileRef = 2B3FB6901C916C6E00BE648C /* cdongweiboTests.m */; };
		2B3FB69C1C916C6E00BE648C /* cdongweiboUITests.m in Sources */ = {isa = PBXBuildFile; fileRef = 2B3FB69B1C916C6E00BE648C /* cdongweiboUITests.m */; };
		2B3FB6B01C91C8A100BE648C /* UIKit.framework in Frameworks */ = {isa = PBXBuildFile; fileRef = 2B3FB6AF1C91C8A100BE648C /* UIKit.framework */; };
		2B3FB6D11C92B3D400BE648C /* CDTabBarController.m in Sources */ = {isa = PBXBuildFile; fileRef = 2B3FB6C01C92B3D400BE648C /* CDTabBarController.m */; };
		2B3FB6D21C92B3D400BE648C /* CDTabBar.m in Sources */ = {isa = PBXBuildFile; fileRef = 2B3FB6C31C92B3D400BE648C /* CDTabBar.m */; };
		2B3FB6D31C92B3D400BE648C /* AppDelegate.m in Sources */ = {isa = PBXBuildFile; fileRef = 2B3FB6C81C92B3D400BE648C /* AppDelegate.m */; };
		2B3FB6D41C92B3D400BE648C /* UIImage+CDImage.m in Sources */ = {isa = PBXBuildFile; fileRef = 2B3FB6CB1C92B3D400BE648C /* UIImage+CDImage.m */; };
		2B3FB6D51C92B3D400BE648C /* main.m in Sources */ = {isa = PBXBuildFile; fileRef = 2B3FB6CC1C92B3D400BE648C /* main.m */; };
		2B3FB6D81C92C0EE00BE648C /* CDHomeController.m in Sources */ = {isa = PBXBuildFile; fileRef = 2B3FB6D71C92C0EE00BE648C /* CDHomeController.m */; };
		2B3FB6DE1C92C20D00BE648C /* CDMessageController.m in Sources */ = {isa = PBXBuildFile; fileRef = 2B3FB6DD1C92C20D00BE648C /* CDMessageController.m */; };
		2B3FB6E11C92C24400BE648C /* CDProfileController.m in Sources */ = {isa = PBXBuildFile; fileRef = 2B3FB6E01C92C24400BE648C /* CDProfileController.m */; };
		2B3FB6E41C92C26800BE648C /* CDDiscoverController.m in Sources */ = {isa = PBXBuildFile; fileRef = 2B3FB6E31C92C26800BE648C /* CDDiscoverController.m */; };
		2BE1D0391C957D8B001BEC33 /* UIBarButtonItem+BarItem.m in Sources */ = {isa = PBXBuildFile; fileRef = 2BE1D0381C957D8B001BEC33 /* UIBarButtonItem+BarItem.m */; };
		2BE1D03F1C9585DC001BEC33 /* NSString+utility.m in Sources */ = {isa = PBXBuildFile; fileRef = 2BE1D03E1C9585DC001BEC33 /* NSString+utility.m */; };
		2BE1D0421C959B83001BEC33 /* CDTitleButton.m in Sources */ = {isa = PBXBuildFile; fileRef = 2BE1D0411C959B83001BEC33 /* CDTitleButton.m */; };
		2BE1D0451C95A50E001BEC33 /* UIView+Frame.m in Sources */ = {isa = PBXBuildFile; fileRef = 2BE1D0441C95A50E001BEC33 /* UIView+Frame.m */; };
		2BE1D0481C95B5A4001BEC33 /* CDCover.m in Sources */ = {isa = PBXBuildFile; fileRef = 2BE1D0471C95B5A4001BEC33 /* CDCover.m */; };
		2BE1D04C1C95C2BC001BEC33 /* CDPopMenu.m in Sources */ = {isa = PBXBuildFile; fileRef = 2BE1D04B1C95C2BC001BEC33 /* CDPopMenu.m */; };
		2BE1D04F1C964442001BEC33 /* CDPopMenuTableController.m in Sources */ = {isa = PBXBuildFile; fileRef = 2BE1D04E1C964442001BEC33 /* CDPopMenuTableController.m */; };
		2BE1D0521C97886C001BEC33 /* CDNavigationController.m in Sources */ = {isa = PBXBuildFile; fileRef = 2BE1D0511C97886C001BEC33 /* CDNavigationController.m */; };
/* End PBXBuildFile section */

/* Begin PBXContainerItemProxy section */
		2B3FB68D1C916C6E00BE648C /* PBXContainerItemProxy */ = {
			isa = PBXContainerItemProxy;
			containerPortal = 2B3FB6681C916C6E00BE648C /* Project object */;
			proxyType = 1;
			remoteGlobalIDString = 2B3FB66F1C916C6E00BE648C;
			remoteInfo = cdongweibo;
		};
		2B3FB6981C916C6E00BE648C /* PBXContainerItemProxy */ = {
			isa = PBXContainerItemProxy;
			containerPortal = 2B3FB6681C916C6E00BE648C /* Project object */;
			proxyType = 1;
			remoteGlobalIDString = 2B3FB66F1C916C6E00BE648C;
			remoteInfo = cdongweibo;
		};
/* End PBXContainerItemProxy section */

/* Begin PBXFileReference section */
		2B3FB6701C916C6E00BE648C /* cdongweibo.app */ = {isa = PBXFileReference; explicitFileType = wrapper.application; includeInIndex = 0; path = cdongweibo.app; sourceTree = BUILT_PRODUCTS_DIR; };
		2B3FB6801C916C6E00BE648C /* cdongweibo.xcdatamodel */ = {isa = PBXFileReference; lastKnownFileType = wrapper.xcdatamodel; path = cdongweibo.xcdatamodel; sourceTree = "<group>"; };
		2B3FB6821C916C6E00BE648C /* Assets.xcassets */ = {isa = PBXFileReference; lastKnownFileType = folder.assetcatalog; path = Assets.xcassets; sourceTree = "<group>"; };
		2B3FB6851C916C6E00BE648C /* Base */ = {isa = PBXFileReference; lastKnownFileType = file.storyboard; name = Base; path = Base.lproj/LaunchScreen.storyboard; sourceTree = "<group>"; };
		2B3FB6871C916C6E00BE648C /* Info.plist */ = {isa = PBXFileReference; lastKnownFileType = text.plist.xml; path = Info.plist; sourceTree = "<group>"; };
		2B3FB68C1C916C6E00BE648C /* cdongweiboTests.xctest */ = {isa = PBXFileReference; explicitFileType = wrapper.cfbundle; includeInIndex = 0; path = cdongweiboTests.xctest; sourceTree = BUILT_PRODUCTS_DIR; };
		2B3FB6901C916C6E00BE648C /* cdongweiboTests.m */ = {isa = PBXFileReference; lastKnownFileType = sourcecode.c.objc; path = cdongweiboTests.m; sourceTree = "<group>"; };
		2B3FB6921C916C6E00BE648C /* Info.plist */ = {isa = PBXFileReference; lastKnownFileType = text.plist.xml; path = Info.plist; sourceTree = "<group>"; };
		2B3FB6971C916C6E00BE648C /* cdongweiboUITests.xctest */ = {isa = PBXFileReference; explicitFileType = wrapper.cfbundle; includeInIndex = 0; path = cdongweiboUITests.xctest; sourceTree = BUILT_PRODUCTS_DIR; };
		2B3FB69B1C916C6E00BE648C /* cdongweiboUITests.m */ = {isa = PBXFileReference; lastKnownFileType = sourcecode.c.objc; path = cdongweiboUITests.m; sourceTree = "<group>"; };
		2B3FB69D1C916C6E00BE648C /* Info.plist */ = {isa = PBXFileReference; lastKnownFileType = text.plist.xml; path = Info.plist; sourceTree = "<group>"; };
		2B3FB6AF1C91C8A100BE648C /* UIKit.framework */ = {isa = PBXFileReference; lastKnownFileType = wrapper.framework; name = UIKit.framework; path = System/Library/Frameworks/UIKit.framework; sourceTree = SDKROOT; };
		2B3FB6BF1C92B3D400BE648C /* CDTabBarController.h */ = {isa = PBXFileReference; fileEncoding = 4; lastKnownFileType = sourcecode.c.h; path = CDTabBarController.h; sourceTree = "<group>"; };
		2B3FB6C01C92B3D400BE648C /* CDTabBarController.m */ = {isa = PBXFileReference; fileEncoding = 4; lastKnownFileType = sourcecode.c.objc; path = CDTabBarController.m; sourceTree = "<group>"; };
		2B3FB6C21C92B3D400BE648C /* CDTabBar.h */ = {isa = PBXFileReference; fileEncoding = 4; lastKnownFileType = sourcecode.c.h; path = CDTabBar.h; sourceTree = "<group>"; };
		2B3FB6C31C92B3D400BE648C /* CDTabBar.m */ = {isa = PBXFileReference; fileEncoding = 4; lastKnownFileType = sourcecode.c.objc; path = CDTabBar.m; sourceTree = "<group>"; };
		2B3FB6C71C92B3D400BE648C /* AppDelegate.h */ = {isa = PBXFileReference; fileEncoding = 4; lastKnownFileType = sourcecode.c.h; path = AppDelegate.h; sourceTree = "<group>"; };
		2B3FB6C81C92B3D400BE648C /* AppDelegate.m */ = {isa = PBXFileReference; fileEncoding = 4; lastKnownFileType = sourcecode.c.objc; path = AppDelegate.m; sourceTree = "<group>"; };
		2B3FB6CA1C92B3D400BE648C /* UIImage+CDImage.h */ = {isa = PBXFileReference; fileEncoding = 4; lastKnownFileType = sourcecode.c.h; path = "UIImage+CDImage.h"; sourceTree = "<group>"; };
		2B3FB6CB1C92B3D400BE648C /* UIImage+CDImage.m */ = {isa = PBXFileReference; fileEncoding = 4; lastKnownFileType = sourcecode.c.objc; path = "UIImage+CDImage.m"; sourceTree = "<group>"; };
		2B3FB6CC1C92B3D400BE648C /* main.m */ = {isa = PBXFileReference; fileEncoding = 4; lastKnownFileType = sourcecode.c.objc; path = main.m; sourceTree = "<group>"; };
		2B3FB6D61C92C0EE00BE648C /* CDHomeController.h */ = {isa = PBXFileReference; fileEncoding = 4; lastKnownFileType = sourcecode.c.h; path = CDHomeController.h; sourceTree = "<group>"; };
		2B3FB6D71C92C0EE00BE648C /* CDHomeController.m */ = {isa = PBXFileReference; fileEncoding = 4; lastKnownFileType = sourcecode.c.objc; path = CDHomeController.m; sourceTree = "<group>"; };
		2B3FB6DC1C92C20D00BE648C /* CDMessageController.h */ = {isa = PBXFileReference; fileEncoding = 4; lastKnownFileType = sourcecode.c.h; path = CDMessageController.h; sourceTree = "<group>"; };
		2B3FB6DD1C92C20D00BE648C /* CDMessageController.m */ = {isa = PBXFileReference; fileEncoding = 4; lastKnownFileType = sourcecode.c.objc; path = CDMessageController.m; sourceTree = "<group>"; };
		2B3FB6DF1C92C24400BE648C /* CDProfileController.h */ = {isa = PBXFileReference; fileEncoding = 4; lastKnownFileType = sourcecode.c.h; path = CDProfileController.h; sourceTree = "<group>"; };
		2B3FB6E01C92C24400BE648C /* CDProfileController.m */ = {isa = PBXFileReference; fileEncoding = 4; lastKnownFileType = sourcecode.c.objc; path = CDProfileController.m; sourceTree = "<group>"; };
		2B3FB6E21C92C26800BE648C /* CDDiscoverController.h */ = {isa = PBXFileReference; fileEncoding = 4; lastKnownFileType = sourcecode.c.h; path = CDDiscoverController.h; sourceTree = "<group>"; };
		2B3FB6E31C92C26800BE648C /* CDDiscoverController.m */ = {isa = PBXFileReference; fileEncoding = 4; lastKnownFileType = sourcecode.c.objc; path = CDDiscoverController.m; sourceTree = "<group>"; };
		2BE1D0371C957D8B001BEC33 /* UIBarButtonItem+BarItem.h */ = {isa = PBXFileReference; fileEncoding = 4; lastKnownFileType = sourcecode.c.h; path = "UIBarButtonItem+BarItem.h"; sourceTree = "<group>"; };
		2BE1D0381C957D8B001BEC33 /* UIBarButtonItem+BarItem.m */ = {isa = PBXFileReference; fileEncoding = 4; lastKnownFileType = sourcecode.c.objc; path = "UIBarButtonItem+BarItem.m"; sourceTree = "<group>"; };
		2BE1D03D1C9585DC001BEC33 /* NSString+utility.h */ = {isa = PBXFileReference; fileEncoding = 4; lastKnownFileType = sourcecode.c.h; path = "NSString+utility.h"; sourceTree = "<group>"; };
		2BE1D03E1C9585DC001BEC33 /* NSString+utility.m */ = {isa = PBXFileReference; fileEncoding = 4; lastKnownFileType = sourcecode.c.objc; path = "NSString+utility.m"; sourceTree = "<group>"; };
		2BE1D0401C959B83001BEC33 /* CDTitleButton.h */ = {isa = PBXFileReference; fileEncoding = 4; lastKnownFileType = sourcecode.c.h; path = CDTitleButton.h; sourceTree = "<group>"; };
		2BE1D0411C959B83001BEC33 /* CDTitleButton.m */ = {isa = PBXFileReference; fileEncoding = 4; lastKnownFileType = sourcecode.c.objc; path = CDTitleButton.m; sourceTree = "<group>"; };
		2BE1D0431C95A50E001BEC33 /* UIView+Frame.h */ = {isa = PBXFileReference; fileEncoding = 4; lastKnownFileType = sourcecode.c.h; path = "UIView+Frame.h"; sourceTree = "<group>"; };
		2BE1D0441C95A50E001BEC33 /* UIView+Frame.m */ = {isa = PBXFileReference; fileEncoding = 4; lastKnownFileType = sourcecode.c.objc; path = "UIView+Frame.m"; sourceTree = "<group>"; };
		2BE1D0461C95B5A4001BEC33 /* CDCover.h */ = {isa = PBXFileReference; fileEncoding = 4; lastKnownFileType = sourcecode.c.h; path = CDCover.h; sourceTree = "<group>"; };
		2BE1D0471C95B5A4001BEC33 /* CDCover.m */ = {isa = PBXFileReference; fileEncoding = 4; lastKnownFileType = sourcecode.c.objc; path = CDCover.m; sourceTree = "<group>"; };
		2BE1D0491C95B87A001BEC33 /* cdongweibo.pch */ = {isa = PBXFileReference; lastKnownFileType = sourcecode.c.h; path = cdongweibo.pch; sourceTree = "<group>"; };
		2BE1D04A1C95C2BC001BEC33 /* CDPopMenu.h */ = {isa = PBXFileReference; fileEncoding = 4; lastKnownFileType = sourcecode.c.h; path = CDPopMenu.h; sourceTree = "<group>"; };
		2BE1D04B1C95C2BC001BEC33 /* CDPopMenu.m */ = {isa = PBXFileReference; fileEncoding = 4; lastKnownFileType = sourcecode.c.objc; path = CDPopMenu.m; sourceTree = "<group>"; };
		2BE1D04D1C964442001BEC33 /* CDPopMenuTableController.h */ = {isa = PBXFileReference; fileEncoding = 4; lastKnownFileType = sourcecode.c.h; path = CDPopMenuTableController.h; sourceTree = "<group>"; };
		2BE1D04E1C964442001BEC33 /* CDPopMenuTableController.m */ = {isa = PBXFileReference; fileEncoding = 4; lastKnownFileType = sourcecode.c.objc; path = CDPopMenuTableController.m; sourceTree = "<group>"; };
		2BE1D0501C97886C001BEC33 /* CDNavigationController.h */ = {isa = PBXFileReference; fileEncoding = 4; lastKnownFileType = sourcecode.c.h; path = CDNavigationController.h; sourceTree = "<group>"; };
		2BE1D0511C97886C001BEC33 /* CDNavigationController.m */ = {isa = PBXFileReference; fileEncoding = 4; lastKnownFileType = sourcecode.c.objc; path = CDNavigationController.m; sourceTree = "<group>"; };
/* End PBXFileReference section */

/* Begin PBXFrameworksBuildPhase section */
		2B3FB66D1C916C6E00BE648C /* Frameworks */ = {
			isa = PBXFrameworksBuildPhase;
			buildActionMask = 2147483647;
			files = (
				2B3FB6B01C91C8A100BE648C /* UIKit.framework in Frameworks */,
			);
			runOnlyForDeploymentPostprocessing = 0;
		};
		2B3FB6891C916C6E00BE648C /* Frameworks */ = {
			isa = PBXFrameworksBuildPhase;
			buildActionMask = 2147483647;
			files = (
			);
			runOnlyForDeploymentPostprocessing = 0;
		};
		2B3FB6941C916C6E00BE648C /* Frameworks */ = {
			isa = PBXFrameworksBuildPhase;
			buildActionMask = 2147483647;
			files = (
			);
			runOnlyForDeploymentPostprocessing = 0;
		};
/* End PBXFrameworksBuildPhase section */

/* Begin PBXGroup section */
		2B3FB6671C916C6E00BE648C = {
			isa = PBXGroup;
			children = (
				2B3FB6AF1C91C8A100BE648C /* UIKit.framework */,
				2B3FB6721C916C6E00BE648C /* cdongweibo */,
				2B3FB68F1C916C6E00BE648C /* cdongweiboTests */,
				2B3FB69A1C916C6E00BE648C /* cdongweiboUITests */,
				2B3FB6711C916C6E00BE648C /* Products */,
			);
			sourceTree = "<group>";
		};
		2B3FB6711C916C6E00BE648C /* Products */ = {
			isa = PBXGroup;
			children = (
				2B3FB6701C916C6E00BE648C /* cdongweibo.app */,
				2B3FB68C1C916C6E00BE648C /* cdongweiboTests.xctest */,
				2B3FB6971C916C6E00BE648C /* cdongweiboUITests.xctest */,
			);
			name = Products;
			sourceTree = "<group>";
		};
		2B3FB6721C916C6E00BE648C /* cdongweibo */ = {
			isa = PBXGroup;
			children = (
				2B3FB6B41C92B3D400BE648C /* classes */,
				2B3FB6821C916C6E00BE648C /* Assets.xcassets */,
				2B3FB6841C916C6E00BE648C /* LaunchScreen.storyboard */,
				2B3FB6871C916C6E00BE648C /* Info.plist */,
				2B3FB67F1C916C6E00BE648C /* cdongweibo.xcdatamodeld */,
				2B3FB6731C916C6E00BE648C /* Supporting Files */,
			);
			path = cdongweibo;
			sourceTree = "<group>";
		};
		2B3FB6731C916C6E00BE648C /* Supporting Files */ = {
			isa = PBXGroup;
			children = (
			);
			name = "Supporting Files";
			sourceTree = "<group>";
		};
		2B3FB68F1C916C6E00BE648C /* cdongweiboTests */ = {
			isa = PBXGroup;
			children = (
				2B3FB6901C916C6E00BE648C /* cdongweiboTests.m */,
				2B3FB6921C916C6E00BE648C /* Info.plist */,
			);
			path = cdongweiboTests;
			sourceTree = "<group>";
		};
		2B3FB69A1C916C6E00BE648C /* cdongweiboUITests */ = {
			isa = PBXGroup;
			children = (
				2B3FB69B1C916C6E00BE648C /* cdongweiboUITests.m */,
				2B3FB69D1C916C6E00BE648C /* Info.plist */,
			);
			path = cdongweiboUITests;
			sourceTree = "<group>";
		};
		2B3FB6B41C92B3D400BE648C /* classes */ = {
			isa = PBXGroup;
			children = (
				2B3FB6B51C92B3D400BE648C /* discover */,
				2B3FB6B91C92B3D400BE648C /* home */,
				2B3FB6BD1C92B3D400BE648C /* main */,
				2B3FB6C51C92B3D400BE648C /* message */,
				2B3FB6C61C92B3D400BE648C /* other */,
				2B3FB6CD1C92B3D400BE648C /* profile */,
			);
			path = classes;
			sourceTree = "<group>";
		};
		2B3FB6B51C92B3D400BE648C /* discover */ = {
			isa = PBXGroup;
			children = (
				2B3FB6B61C92B3D400BE648C /* controller */,
				2B3FB6B71C92B3D400BE648C /* model */,
				2B3FB6B81C92B3D400BE648C /* view */,
			);
			path = discover;
			sourceTree = "<group>";
		};
		2B3FB6B61C92B3D400BE648C /* controller */ = {
			isa = PBXGroup;
			children = (
				2B3FB6E21C92C26800BE648C /* CDDiscoverController.h */,
				2B3FB6E31C92C26800BE648C /* CDDiscoverController.m */,
			);
			path = controller;
			sourceTree = "<group>";
		};
		2B3FB6B71C92B3D400BE648C /* model */ = {
			isa = PBXGroup;
			children = (
			);
			path = model;
			sourceTree = "<group>";
		};
		2B3FB6B81C92B3D400BE648C /* view */ = {
			isa = PBXGroup;
			children = (
			);
			path = view;
			sourceTree = "<group>";
		};
		2B3FB6B91C92B3D400BE648C /* home */ = {
			isa = PBXGroup;
			children = (
				2B3FB6BA1C92B3D400BE648C /* controller */,
				2B3FB6BB1C92B3D400BE648C /* model */,
				2B3FB6BC1C92B3D400BE648C /* view */,
			);
			path = home;
			sourceTree = "<group>";
		};
		2B3FB6BA1C92B3D400BE648C /* controller */ = {
			isa = PBXGroup;
			children = (
				2B3FB6D61C92C0EE00BE648C /* CDHomeController.h */,
				2B3FB6D71C92C0EE00BE648C /* CDHomeController.m */,
				2BE1D04D1C964442001BEC33 /* CDPopMenuTableController.h */,
				2BE1D04E1C964442001BEC33 /* CDPopMenuTableController.m */,
			);
			path = controller;
			sourceTree = "<group>";
		};
		2B3FB6BB1C92B3D400BE648C /* model */ = {
			isa = PBXGroup;
			children = (
			);
			path = model;
			sourceTree = "<group>";
		};
		2B3FB6BC1C92B3D400BE648C /* view */ = {
			isa = PBXGroup;
			children = (
				2BE1D0401C959B83001BEC33 /* CDTitleButton.h */,
				2BE1D0411C959B83001BEC33 /* CDTitleButton.m */,
				2BE1D0461C95B5A4001BEC33 /* CDCover.h */,
				2BE1D0471C95B5A4001BEC33 /* CDCover.m */,
				2BE1D04A1C95C2BC001BEC33 /* CDPopMenu.h */,
				2BE1D04B1C95C2BC001BEC33 /* CDPopMenu.m */,
			);
			path = view;
			sourceTree = "<group>";
		};
		2B3FB6BD1C92B3D400BE648C /* main */ = {
			isa = PBXGroup;
			children = (
				2B3FB6BE1C92B3D400BE648C /* controller */,
				2B3FB6C11C92B3D400BE648C /* model */,
				2B3FB6C41C92B3D400BE648C /* view */,
			);
			path = main;
			sourceTree = "<group>";
		};
		2B3FB6BE1C92B3D400BE648C /* controller */ = {
			isa = PBXGroup;
			children = (
				2B3FB6BF1C92B3D400BE648C /* CDTabBarController.h */,
				2B3FB6C01C92B3D400BE648C /* CDTabBarController.m */,
				2BE1D0501C97886C001BEC33 /* CDNavigationController.h */,
				2BE1D0511C97886C001BEC33 /* CDNavigationController.m */,
			);
			path = controller;
			sourceTree = "<group>";
		};
		2B3FB6C11C92B3D400BE648C /* model */ = {
			isa = PBXGroup;
			children = (
				2B3FB6C21C92B3D400BE648C /* CDTabBar.h */,
				2B3FB6C31C92B3D400BE648C /* CDTabBar.m */,
			);
			path = model;
			sourceTree = "<group>";
		};
		2B3FB6C41C92B3D400BE648C /* view */ = {
			isa = PBXGroup;
			children = (
			);
			path = view;
			sourceTree = "<group>";
		};
		2B3FB6C51C92B3D400BE648C /* message */ = {
			isa = PBXGroup;
			children = (
				2B3FB6D91C92C1CB00BE648C /* controller */,
				2B3FB6DA1C92C1CB00BE648C /* model */,
				2B3FB6DB1C92C1CB00BE648C /* view */,
			);
			path = message;
			sourceTree = "<group>";
		};
		2B3FB6C61C92B3D400BE648C /* other */ = {
			isa = PBXGroup;
			children = (
				2B3FB6C71C92B3D400BE648C /* AppDelegate.h */,
				2B3FB6C81C92B3D400BE648C /* AppDelegate.m */,
				2B3FB6C91C92B3D400BE648C /* category */,
				2B3FB6CC1C92B3D400BE648C /* main.m */,
				2BE1D0491C95B87A001BEC33 /* cdongweibo.pch */,
			);
			path = other;
			sourceTree = "<group>";
		};
		2B3FB6C91C92B3D400BE648C /* category */ = {
			isa = PBXGroup;
			children = (
				2B3FB6CA1C92B3D400BE648C /* UIImage+CDImage.h */,
				2B3FB6CB1C92B3D400BE648C /* UIImage+CDImage.m */,
				2BE1D0371C957D8B001BEC33 /* UIBarButtonItem+BarItem.h */,
				2BE1D0381C957D8B001BEC33 /* UIBarButtonItem+BarItem.m */,
				2BE1D03D1C9585DC001BEC33 /* NSString+utility.h */,
				2BE1D03E1C9585DC001BEC33 /* NSString+utility.m */,
				2BE1D0431C95A50E001BEC33 /* UIView+Frame.h */,
				2BE1D0441C95A50E001BEC33 /* UIView+Frame.m */,
			);
			path = category;
			sourceTree = "<group>";
		};
		2B3FB6CD1C92B3D400BE648C /* profile */ = {
			isa = PBXGroup;
			children = (
				2B3FB6CE1C92B3D400BE648C /* controller */,
				2B3FB6CF1C92B3D400BE648C /* model */,
				2B3FB6D01C92B3D400BE648C /* view */,
			);
			path = profile;
			sourceTree = "<group>";
		};
		2B3FB6CE1C92B3D400BE648C /* controller */ = {
			isa = PBXGroup;
			children = (
				2B3FB6DF1C92C24400BE648C /* CDProfileController.h */,
				2B3FB6E01C92C24400BE648C /* CDProfileController.m */,
			);
			path = controller;
			sourceTree = "<group>";
		};
		2B3FB6CF1C92B3D400BE648C /* model */ = {
			isa = PBXGroup;
			children = (
			);
			path = model;
			sourceTree = "<group>";
		};
		2B3FB6D01C92B3D400BE648C /* view */ = {
			isa = PBXGroup;
			children = (
			);
			path = view;
			sourceTree = "<group>";
		};
		2B3FB6D91C92C1CB00BE648C /* controller */ = {
			isa = PBXGroup;
			children = (
				2B3FB6DC1C92C20D00BE648C /* CDMessageController.h */,
				2B3FB6DD1C92C20D00BE648C /* CDMessageController.m */,
			);
			path = controller;
			sourceTree = "<group>";
		};
		2B3FB6DA1C92C1CB00BE648C /* model */ = {
			isa = PBXGroup;
			children = (
			);
			path = model;
			sourceTree = "<group>";
		};
		2B3FB6DB1C92C1CB00BE648C /* view */ = {
			isa = PBXGroup;
			children = (
			);
			path = view;
			sourceTree = "<group>";
		};
/* End PBXGroup section */

/* Begin PBXNativeTarget section */
		2B3FB66F1C916C6E00BE648C /* cdongweibo */ = {
			isa = PBXNativeTarget;
			buildConfigurationList = 2B3FB6A01C916C6E00BE648C /* Build configuration list for PBXNativeTarget "cdongweibo" */;
			buildPhases = (
				2B3FB66C1C916C6E00BE648C /* Sources */,
				2B3FB66D1C916C6E00BE648C /* Frameworks */,
				2B3FB66E1C916C6E00BE648C /* Resources */,
			);
			buildRules = (
			);
			dependencies = (
			);
			name = cdongweibo;
			productName = cdongweibo;
			productReference = 2B3FB6701C916C6E00BE648C /* cdongweibo.app */;
			productType = "com.apple.product-type.application";
		};
		2B3FB68B1C916C6E00BE648C /* cdongweiboTests */ = {
			isa = PBXNativeTarget;
			buildConfigurationList = 2B3FB6A31C916C6E00BE648C /* Build configuration list for PBXNativeTarget "cdongweiboTests" */;
			buildPhases = (
				2B3FB6881C916C6E00BE648C /* Sources */,
				2B3FB6891C916C6E00BE648C /* Frameworks */,
				2B3FB68A1C916C6E00BE648C /* Resources */,
			);
			buildRules = (
			);
			dependencies = (
				2B3FB68E1C916C6E00BE648C /* PBXTargetDependency */,
			);
			name = cdongweiboTests;
			productName = cdongweiboTests;
			productReference = 2B3FB68C1C916C6E00BE648C /* cdongweiboTests.xctest */;
			productType = "com.apple.product-type.bundle.unit-test";
		};
		2B3FB6961C916C6E00BE648C /* cdongweiboUITests */ = {
			isa = PBXNativeTarget;
			buildConfigurationList = 2B3FB6A61C916C6E00BE648C /* Build configuration list for PBXNativeTarget "cdongweiboUITests" */;
			buildPhases = (
				2B3FB6931C916C6E00BE648C /* Sources */,
				2B3FB6941C916C6E00BE648C /* Frameworks */,
				2B3FB6951C916C6E00BE648C /* Resources */,
			);
			buildRules = (
			);
			dependencies = (
				2B3FB6991C916C6E00BE648C /* PBXTargetDependency */,
			);
			name = cdongweiboUITests;
			productName = cdongweiboUITests;
			productReference = 2B3FB6971C916C6E00BE648C /* cdongweiboUITests.xctest */;
			productType = "com.apple.product-type.bundle.ui-testing";
		};
/* End PBXNativeTarget section */

/* Begin PBXProject section */
		2B3FB6681C916C6E00BE648C /* Project object */ = {
			isa = PBXProject;
			attributes = {
				CLASSPREFIX = CD;
				LastUpgradeCheck = 0720;
				ORGANIZATIONNAME = man;
				TargetAttributes = {
					2B3FB66F1C916C6E00BE648C = {
						CreatedOnToolsVersion = 7.2.1;
					};
					2B3FB68B1C916C6E00BE648C = {
						CreatedOnToolsVersion = 7.2.1;
						TestTargetID = 2B3FB66F1C916C6E00BE648C;
					};
					2B3FB6961C916C6E00BE648C = {
						CreatedOnToolsVersion = 7.2.1;
						TestTargetID = 2B3FB66F1C916C6E00BE648C;
					};
				};
			};
			buildConfigurationList = 2B3FB66B1C916C6E00BE648C /* Build configuration list for PBXProject "cdongweibo" */;
			compatibilityVersion = "Xcode 3.2";
			developmentRegion = English;
			hasScannedForEncodings = 0;
			knownRegions = (
				en,
				Base,
			);
			mainGroup = 2B3FB6671C916C6E00BE648C;
			productRefGroup = 2B3FB6711C916C6E00BE648C /* Products */;
			projectDirPath = "";
			projectRoot = "";
			targets = (
				2B3FB66F1C916C6E00BE648C /* cdongweibo */,
				2B3FB68B1C916C6E00BE648C /* cdongweiboTests */,
				2B3FB6961C916C6E00BE648C /* cdongweiboUITests */,
			);
		};
/* End PBXProject section */

/* Begin PBXResourcesBuildPhase section */
		2B3FB66E1C916C6E00BE648C /* Resources */ = {
			isa = PBXResourcesBuildPhase;
			buildActionMask = 2147483647;
			files = (
				2B3FB6861C916C6E00BE648C /* LaunchScreen.storyboard in Resources */,
				2B3FB6831C916C6E00BE648C /* Assets.xcassets in Resources */,
			);
			runOnlyForDeploymentPostprocessing = 0;
		};
		2B3FB68A1C916C6E00BE648C /* Resources */ = {
			isa = PBXResourcesBuildPhase;
			buildActionMask = 2147483647;
			files = (
			);
			runOnlyForDeploymentPostprocessing = 0;
		};
		2B3FB6951C916C6E00BE648C /* Resources */ = {
			isa = PBXResourcesBuildPhase;
			buildActionMask = 2147483647;
			files = (
			);
			runOnlyForDeploymentPostprocessing = 0;
		};
/* End PBXResourcesBuildPhase section */

/* Begin PBXSourcesBuildPhase section */
		2B3FB66C1C916C6E00BE648C /* Sources */ = {
			isa = PBXSourcesBuildPhase;
			buildActionMask = 2147483647;
			files = (
				2BE1D03F1C9585DC001BEC33 /* NSString+utility.m in Sources */,
				2BE1D04C1C95C2BC001BEC33 /* CDPopMenu.m in Sources */,
				2B3FB6E11C92C24400BE648C /* CDProfileController.m in Sources */,
				2BE1D0421C959B83001BEC33 /* CDTitleButton.m in Sources */,
				2BE1D0521C97886C001BEC33 /* CDNavigationController.m in Sources */,
				2B3FB6DE1C92C20D00BE648C /* CDMessageController.m in Sources */,
				2BE1D0391C957D8B001BEC33 /* UIBarButtonItem+BarItem.m in Sources */,
				2B3FB6D31C92B3D400BE648C /* AppDelegate.m in Sources */,
				2BE1D0481C95B5A4001BEC33 /* CDCover.m in Sources */,
				2BE1D04F1C964442001BEC33 /* CDPopMenuTableController.m in Sources */,
				2B3FB6D21C92B3D400BE648C /* CDTabBar.m in Sources */,
				2B3FB6D41C92B3D400BE648C /* UIImage+CDImage.m in Sources */,
				2B3FB6D11C92B3D400BE648C /* CDTabBarController.m in Sources */,
				2B3FB6D81C92C0EE00BE648C /* CDHomeController.m in Sources */,
				2BE1D0451C95A50E001BEC33 /* UIView+Frame.m in Sources */,
				2B3FB6E41C92C26800BE648C /* CDDiscoverController.m in Sources */,
				2B3FB6D51C92B3D400BE648C /* main.m in Sources */,
				2B3FB6811C916C6E00BE648C /* cdongweibo.xcdatamodeld in Sources */,
			);
			runOnlyForDeploymentPostprocessing = 0;
		};
		2B3FB6881C916C6E00BE648C /* Sources */ = {
			isa = PBXSourcesBuildPhase;
			buildActionMask = 2147483647;
			files = (
				2B3FB6911C916C6E00BE648C /* cdongweiboTests.m in Sources */,
			);
			runOnlyForDeploymentPostprocessing = 0;
		};
		2B3FB6931C916C6E00BE648C /* Sources */ = {
			isa = PBXSourcesBuildPhase;
			buildActionMask = 2147483647;
			files = (
				2B3FB69C1C916C6E00BE648C /* cdongweiboUITests.m in Sources */,
			);
			runOnlyForDeploymentPostprocessing = 0;
		};
/* End PBXSourcesBuildPhase section */

/* Begin PBXTargetDependency section */
		2B3FB68E1C916C6E00BE648C /* PBXTargetDependency */ = {
			isa = PBXTargetDependency;
			target = 2B3FB66F1C916C6E00BE648C /* cdongweibo */;
			targetProxy = 2B3FB68D1C916C6E00BE648C /* PBXContainerItemProxy */;
		};
		2B3FB6991C916C6E00BE648C /* PBXTargetDependency */ = {
			isa = PBXTargetDependency;
			target = 2B3FB66F1C916C6E00BE648C /* cdongweibo */;
			targetProxy = 2B3FB6981C916C6E00BE648C /* PBXContainerItemProxy */;
		};
/* End PBXTargetDependency section */

/* Begin PBXVariantGroup section */
		2B3FB6841C916C6E00BE648C /* LaunchScreen.storyboard */ = {
			isa = PBXVariantGroup;
			children = (
				2B3FB6851C916C6E00BE648C /* Base */,
			);
			name = LaunchScreen.storyboard;
			sourceTree = "<group>";
		};
/* End PBXVariantGroup section */

/* Begin XCBuildConfiguration section */
		2B3FB69E1C916C6E00BE648C /* Debug */ = {
			isa = XCBuildConfiguration;
			buildSettings = {
				ALWAYS_SEARCH_USER_PATHS = NO;
				CLANG_CXX_LANGUAGE_STANDARD = "gnu++0x";
				CLANG_CXX_LIBRARY = "libc++";
				CLANG_ENABLE_MODULES = YES;
				CLANG_ENABLE_OBJC_ARC = YES;
				CLANG_WARN_BOOL_CONVERSION = YES;
				CLANG_WARN_CONSTANT_CONVERSION = YES;
				CLANG_WARN_DIRECT_OBJC_ISA_USAGE = YES_ERROR;
				CLANG_WARN_EMPTY_BODY = YES;
				CLANG_WARN_ENUM_CONVERSION = YES;
				CLANG_WARN_INT_CONVERSION = YES;
				CLANG_WARN_OBJC_ROOT_CLASS = YES_ERROR;
				CLANG_WARN_UNREACHABLE_CODE = YES;
				CLANG_WARN__DUPLICATE_METHOD_MATCH = YES;
				"CODE_SIGN_IDENTITY[sdk=iphoneos*]" = "iPhone Developer";
				COPY_PHASE_STRIP = NO;
				DEBUG_INFORMATION_FORMAT = dwarf;
				ENABLE_STRICT_OBJC_MSGSEND = YES;
				ENABLE_TESTABILITY = YES;
				GCC_C_LANGUAGE_STANDARD = gnu99;
				GCC_DYNAMIC_NO_PIC = NO;
				GCC_NO_COMMON_BLOCKS = YES;
				GCC_OPTIMIZATION_LEVEL = 0;
				GCC_PREPROCESSOR_DEFINITIONS = (
					"DEBUG=1",
					"$(inherited)",
				);
				GCC_WARN_64_TO_32_BIT_CONVERSION = YES;
				GCC_WARN_ABOUT_RETURN_TYPE = YES_ERROR;
				GCC_WARN_UNDECLARED_SELECTOR = YES;
				GCC_WARN_UNINITIALIZED_AUTOS = YES_AGGRESSIVE;
				GCC_WARN_UNUSED_FUNCTION = YES;
				GCC_WARN_UNUSED_VARIABLE = YES;
				IPHONEOS_DEPLOYMENT_TARGET = 9.2;
				MTL_ENABLE_DEBUG_INFO = YES;
				ONLY_ACTIVE_ARCH = YES;
				SDKROOT = iphoneos;
				TARGETED_DEVICE_FAMILY = "1,2";
			};
			name = Debug;
		};
		2B3FB69F1C916C6E00BE648C /* Release */ = {
			isa = XCBuildConfiguration;
			buildSettings = {
				ALWAYS_SEARCH_USER_PATHS = NO;
				CLANG_CXX_LANGUAGE_STANDARD = "gnu++0x";
				CLANG_CXX_LIBRARY = "libc++";
				CLANG_ENABLE_MODULES = YES;
				CLANG_ENABLE_OBJC_ARC = YES;
				CLANG_WARN_BOOL_CONVERSION = YES;
				CLANG_WARN_CONSTANT_CONVERSION = YES;
				CLANG_WARN_DIRECT_OBJC_ISA_USAGE = YES_ERROR;
				CLANG_WARN_EMPTY_BODY = YES;
				CLANG_WARN_ENUM_CONVERSION = YES;
				CLANG_WARN_INT_CONVERSION = YES;
				CLANG_WARN_OBJC_ROOT_CLASS = YES_ERROR;
				CLANG_WARN_UNREACHABLE_CODE = YES;
				CLANG_WARN__DUPLICATE_METHOD_MATCH = YES;
				"CODE_SIGN_IDENTITY[sdk=iphoneos*]" = "iPhone Developer";
				COPY_PHASE_STRIP = NO;
				DEBUG_INFORMATION_FORMAT = "dwarf-with-dsym";
				ENABLE_NS_ASSERTIONS = NO;
				ENABLE_STRICT_OBJC_MSGSEND = YES;
				GCC_C_LANGUAGE_STANDARD = gnu99;
				GCC_NO_COMMON_BLOCKS = YES;
				GCC_WARN_64_TO_32_BIT_CONVERSION = YES;
				GCC_WARN_ABOUT_RETURN_TYPE = YES_ERROR;
				GCC_WARN_UNDECLARED_SELECTOR = YES;
				GCC_WARN_UNINITIALIZED_AUTOS = YES_AGGRESSIVE;
				GCC_WARN_UNUSED_FUNCTION = YES;
				GCC_WARN_UNUSED_VARIABLE = YES;
				IPHONEOS_DEPLOYMENT_TARGET = 9.2;
				MTL_ENABLE_DEBUG_INFO = NO;
				SDKROOT = iphoneos;
				TARGETED_DEVICE_FAMILY = "1,2";
				VALIDATE_PRODUCT = YES;
			};
			name = Release;
		};
		2B3FB6A11C916C6E00BE648C /* Debug */ = {
			isa = XCBuildConfiguration;
			buildSettings = {
				ASSETCATALOG_COMPILER_APPICON_NAME = AppIcon;
				ASSETCATALOG_COMPILER_LAUNCHIMAGE_NAME = "Brand Assets";
				GCC_PRECOMPILE_PREFIX_HEADER = YES;
				GCC_PREFIX_HEADER = cdongweibo/classes/other/cdongweibo.pch;
				INFOPLIST_FILE = cdongweibo/Info.plist;
				LD_RUNPATH_SEARCH_PATHS = "$(inherited) @executable_path/Frameworks";
				PRODUCT_BUNDLE_IDENTIFIER = com.cdmq.cdongweibo;
				PRODUCT_NAME = "$(TARGET_NAME)";
			};
			name = Debug;
		};
		2B3FB6A21C916C6E00BE648C /* Release */ = {
			isa = XCBuildConfiguration;
			buildSettings = {
				ASSETCATALOG_COMPILER_APPICON_NAME = AppIcon;
				ASSETCATALOG_COMPILER_LAUNCHIMAGE_NAME = "Brand Assets";
				GCC_PRECOMPILE_PREFIX_HEADER = YES;
				GCC_PREFIX_HEADER = cdongweibo/classes/other/cdongweibo.pch;
				INFOPLIST_FILE = cdongweibo/Info.plist;
				LD_RUNPATH_SEARCH_PATHS = "$(inherited) @executable_path/Frameworks";
				PRODUCT_BUNDLE_IDENTIFIER = com.cdmq.cdongweibo;
				PRODUCT_NAME = "$(TARGET_NAME)";
			};
			name = Release;
		};
		2B3FB6A41C916C6E00BE648C /* Debug */ = {
			isa = XCBuildConfiguration;
			buildSettings = {
				BUNDLE_LOADER = "$(TEST_HOST)";
				INFOPLIST_FILE = cdongweiboTests/Info.plist;
				LD_RUNPATH_SEARCH_PATHS = "$(inherited) @executable_path/Frameworks @loader_path/Frameworks";
				PRODUCT_BUNDLE_IDENTIFIER = com.cdmq.cdongweiboTests;
				PRODUCT_NAME = "$(TARGET_NAME)";
				TEST_HOST = "$(BUILT_PRODUCTS_DIR)/cdongweibo.app/cdongweibo";
			};
			name = Debug;
		};
		2B3FB6A51C916C6E00BE648C /* Release */ = {
			isa = XCBuildConfiguration;
			buildSettings = {
				BUNDLE_LOADER = "$(TEST_HOST)";
				INFOPLIST_FILE = cdongweiboTests/Info.plist;
				LD_RUNPATH_SEARCH_PATHS = "$(inherited) @executable_path/Frameworks @loader_path/Frameworks";
				PRODUCT_BUNDLE_IDENTIFIER = com.cdmq.cdongweiboTests;
				PRODUCT_NAME = "$(TARGET_NAME)";
				TEST_HOST = "$(BUILT_PRODUCTS_DIR)/cdongweibo.app/cdongweibo";
			};
			name = Release;
		};
		2B3FB6A71C916C6E00BE648C /* Debug */ = {
			isa = XCBuildConfiguration;
			buildSettings = {
				INFOPLIST_FILE = cdongweiboUITests/Info.plist;
				LD_RUNPATH_SEARCH_PATHS = "$(inherited) @executable_path/Frameworks @loader_path/Frameworks";
				PRODUCT_BUNDLE_IDENTIFIER = com.cdmq.cdongweiboUITests;
				PRODUCT_NAME = "$(TARGET_NAME)";
				TEST_TARGET_NAME = cdongweibo;
				USES_XCTRUNNER = YES;
			};
			name = Debug;
		};
		2B3FB6A81C916C6E00BE648C /* Release */ = {
			isa = XCBuildConfiguration;
			buildSettings = {
				INFOPLIST_FILE = cdongweiboUITests/Info.plist;
				LD_RUNPATH_SEARCH_PATHS = "$(inherited) @executable_path/Frameworks @loader_path/Frameworks";
				PRODUCT_BUNDLE_IDENTIFIER = com.cdmq.cdongweiboUITests;
				PRODUCT_NAME = "$(TARGET_NAME)";
				TEST_TARGET_NAME = cdongweibo;
				USES_XCTRUNNER = YES;
			};
			name = Release;
		};
/* End XCBuildConfiguration section */

/* Begin XCConfigurationList section */
		2B3FB66B1C916C6E00BE648C /* Build configuration list for PBXProject "cdongweibo" */ = {
			isa = XCConfigurationList;
			buildConfigurations = (
				2B3FB69E1C916C6E00BE648C /* Debug */,
				2B3FB69F1C916C6E00BE648C /* Release */,
			);
			defaultConfigurationIsVisible = 0;
			defaultConfigurationName = Release;
		};
		2B3FB6A01C916C6E00BE648C /* Build configuration list for PBXNativeTarget "cdongweibo" */ = {
			isa = XCConfigurationList;
			buildConfigurations = (
				2B3FB6A11C916C6E00BE648C /* Debug */,
				2B3FB6A21C916C6E00BE648C /* Release */,
			);
			defaultConfigurationIsVisible = 0;
			defaultConfigurationName = Release;
		};
		2B3FB6A31C916C6E00BE648C /* Build configuration list for PBXNativeTarget "cdongweiboTests" */ = {
			isa = XCConfigurationList;
			buildConfigurations = (
				2B3FB6A41C916C6E00BE648C /* Debug */,
				2B3FB6A51C916C6E00BE648C /* Release */,
			);
			defaultConfigurationIsVisible = 0;
			defaultConfigurationName = Release;
		};
		2B3FB6A61C916C6E00BE648C /* Build configuration list for PBXNativeTarget "cdongweiboUITests" */ = {
			isa = XCConfigurationList;
			buildConfigurations = (
				2B3FB6A71C916C6E00BE648C /* Debug */,
				2B3FB6A81C916C6E00BE648C /* Release */,
			);
			defaultConfigurationIsVisible = 0;
			defaultConfigurationName = Release;
		};
/* End XCConfigurationList section */

/* Begin XCVersionGroup section */
		2B3FB67F1C916C6E00BE648C /* cdongweibo.xcdatamodeld */ = {
			isa = XCVersionGroup;
			children = (
				2B3FB6801C916C6E00BE648C /* cdongweibo.xcdatamodel */,
			);
			currentVersion = 2B3FB6801C916C6E00BE648C /* cdongweibo.xcdatamodel */;
			path = cdongweibo.xcdatamodeld;
			sourceTree = "<group>";
			versionGroupType = wrapper.xcdatamodel;
		};
/* End XCVersionGroup section */
	};
	rootObject = 2B3FB6681C916C6E00BE648C /* Project object */;
}
